{
    "_readme": [
        "This file locks the dependencies of your project to a known state",
        "Read more about it at http://getcomposer.org/doc/01-basic-usage.md#composer-lock-the-lock-file"
    ],
    "hash": "78867cd3e2e19bd71c707294db276369",
    "packages": [
        {
            "name": "jlong/sass-twitter-bootstrap",
            "version": "v3.0.2",
            "source": {
                "type": "git",
                "url": "https://github.com/jlong/sass-bootstrap.git",
                "reference": "2b2bd7cce7693e25518cace258a89ad9621169d0"
            },
            "dist": {
                "type": "zip",
                "url": "https://api.github.com/repos/jlong/sass-bootstrap/zipball/2b2bd7cce7693e25518cace258a89ad9621169d0",
                "reference": "2b2bd7cce7693e25518cace258a89ad9621169d0",
                "shasum": ""
            },
            "type": "library",
            "extra": {
                "branch-alias": {
                    "dev-master": "3.0.x-dev"
                }
            },
            "notification-url": "https://packagist.org/downloads/",
            "license": [
                "Apache-2.0"
            ],
            "authors": [
                {
                    "name": "Jacob Thornton",
                    "email": "jacobthornton@gmail.com"
                },
                {
                    "name": "John W. Long"
                },
                {
                    "name": "Mark Otto",
                    "email": "markdotto@gmail.com"
                }
            ],
            "description": "A sass port of the sleek, intuitive, and powerful front-end framework for faster and easier web development.",
            "homepage": "http://github.com/jlong/sass-bootstrap/",
            "keywords": [
                "bootstrap",
                "css",
                "sass"
            ],
            "time": "2013-11-10 13:07:00"
        }
    ],
    "packages-dev": [

    ],
    "aliases": [

    ],
    "minimum-stability": "stable",
    "stability-flags": [

    ],
    "platform": [

    ],
    "platform-dev": [

    ]
}
